{
  "projects": [
    {
      "projectId": "caTPwKxj5ZrD9LQ7DMdK4Z",
      "version": "3.42.0",
      "dependencies": {},
      "lang": "ts",
      "fileLocks": [
        {
          "assetId": "caTPwKxj5ZrD9LQ7DMdK4Z",
          "type": "projectCss",
          "checksum": "1c02168c6b23256606111fdfdbb63549"
        }
      ],
      "codegenVersion": "0.0.1"
    },
    {
      "projectId": "vqeFwpZFQ6buChy6T9PGwQ",
      "version": "0.14.0",
      "dependencies": {},
      "lang": "ts",
      "fileLocks": [
        {
          "assetId": "vqeFwpZFQ6buChy6T9PGwQ",
          "type": "projectCss",
          "checksum": "1c02168c6b23256606111fdfdbb63549"
        }
      ],
      "codegenVersion": "0.0.1"
    },
    {
      "projectId": "gLnoj82AzKVVT7qXiqAbHD",
      "version": "2.16.0",
      "dependencies": {},
      "lang": "ts",
      "fileLocks": [
        {
          "assetId": "gLnoj82AzKVVT7qXiqAbHD",
          "type": "projectCss",
          "checksum": "1c02168c6b23256606111fdfdbb63549"
        },
        {
          "type": "renderModule",
          "assetId": "lBHNzts6tFyj",
          "checksum": "84623a18268bfe02f309f5136079f50c"
        },
        {
          "type": "cssRules",
          "assetId": "lBHNzts6tFyj",
          "checksum": "84623a18268bfe02f309f5136079f50c"
        },
        {
          "type": "icon",
          "assetId": "zq2s7N0xWucT",
          "checksum": "bd85295cedaeac0de29b4aa0716fc5ad"
        },
        {
          "type": "icon",
          "assetId": "8K40faRNhuCj",
          "checksum": "d2e49d902b3cffb3c7e3d761d5f3f5af"
        }
      ],
      "codegenVersion": "0.0.1"
    },
    {
      "projectId": "8PtdGodUbexNYgkuyBUcWu",
      "version": "3.29.0",
      "dependencies": {},
      "lang": "ts",
      "fileLocks": [
        {
          "assetId": "8PtdGodUbexNYgkuyBUcWu",
          "type": "projectCss",
          "checksum": "9440f91b1e8169311ba244276a5922c3"
        },
        {
          "assetId": "8PtdGodUbexNYgkuyBUcWu",
          "checksum": "73535dd5df0b6752ddefce5a51e0fa5e",
          "type": "globalContexts"
        }
      ],
      "codegenVersion": "0.0.1"
    },
    {
      "projectId": "ohDidvG9XsCeFumugENU3J",
      "version": "6.31.0",
      "dependencies": {},
      "lang": "ts",
      "fileLocks": [
        {
          "assetId": "ohDidvG9XsCeFumugENU3J",
          "type": "projectCss",
          "checksum": "ba2a60a163fca4f4d510275088a2be53"
        },
        {
          "assetId": "ohDidvG9XsCeFumugENU3J",
          "checksum": "f9cc098ce5640eefe7d9edb8470a210c",
          "type": "globalContexts"
        }
      ],
      "codegenVersion": "0.0.1"
    },
    {
      "projectId": "gmeH6XgPaBtkt51HunAo4g",
      "version": "18.20.0",
      "dependencies": {},
      "lang": "ts",
      "fileLocks": [
        {
          "assetId": "gmeH6XgPaBtkt51HunAo4g",
          "type": "projectCss",
          "checksum": "1c02168c6b23256606111fdfdbb63549"
        }
      ],
      "codegenVersion": "0.0.1"
    },
    {
      "projectId": "341WB3S6fAjbZggAzyKhr1",
      "version": "latest",
      "dependencies": {
        "gmeH6XgPaBtkt51HunAo4g": "18.20.0",
        "ohDidvG9XsCeFumugENU3J": "6.31.0",
        "8PtdGodUbexNYgkuyBUcWu": "3.29.0",
        "gLnoj82AzKVVT7qXiqAbHD": "2.16.0",
        "vqeFwpZFQ6buChy6T9PGwQ": "0.14.0",
        "caTPwKxj5ZrD9LQ7DMdK4Z": "3.42.0"
      },
      "lang": "ts",
      "fileLocks": [
        {
          "type": "globalVariant",
          "assetId": "JdkNHXAWnKVK",
          "checksum": "de45c1172c754638e7d796ae95d5fe28"
        },
        {
          "assetId": "341WB3S6fAjbZggAzyKhr1",
          "type": "projectCss",
          "checksum": "41faf3bc8e3defd1b6edfd0e1530250b"
        },
        {
          "assetId": "341WB3S6fAjbZggAzyKhr1",
          "checksum": "7382599fdb46377907d393fd771c8376",
          "type": "globalContexts"
        },
        {
          "type": "renderModule",
          "assetId": "6er0_CEeOues",
          "checksum": "1a0460ae76055d7cc7e36a3c9aba8895"
        },
        {
          "type": "cssRules",
          "assetId": "6er0_CEeOues",
          "checksum": "1a0460ae76055d7cc7e36a3c9aba8895"
        },
        {
          "type": "renderModule",
          "assetId": "PS6da-nNVzzU",
          "checksum": "57050eb9a490e627d562ab276cbe6abf"
        },
        {
          "type": "cssRules",
          "assetId": "PS6da-nNVzzU",
          "checksum": "57050eb9a490e627d562ab276cbe6abf"
        },
        {
          "type": "renderModule",
          "assetId": "VbduCGwqveeL",
          "checksum": "c51a571be1dcafe9c83aa29b2db5f746"
        },
        {
          "type": "cssRules",
          "assetId": "VbduCGwqveeL",
          "checksum": "c51a571be1dcafe9c83aa29b2db5f746"
        },
        {
          "type": "renderModule",
          "assetId": "lcnlii-Mi9bF",
          "checksum": "c2384ab158c1c324671beb29e9bacfeb"
        },
        {
          "type": "cssRules",
          "assetId": "lcnlii-Mi9bF",
          "checksum": "c2384ab158c1c324671beb29e9bacfeb"
        },
        {
          "type": "renderModule",
          "assetId": "i_IQHyStABS0",
          "checksum": "4c23154eb4368ea6f9999a4f9bd9a85f"
        },
        {
          "type": "cssRules",
          "assetId": "i_IQHyStABS0",
          "checksum": "4c23154eb4368ea6f9999a4f9bd9a85f"
        },
        {
          "type": "renderModule",
          "assetId": "fEg2J73XB5Qp",
          "checksum": "4ef8d11cd98ba4960a41ca810476ed8b"
        },
        {
          "type": "cssRules",
          "assetId": "fEg2J73XB5Qp",
          "checksum": "4ef8d11cd98ba4960a41ca810476ed8b"
        },
        {
          "type": "renderModule",
          "assetId": "P7MLNCNmfe0b",
          "checksum": "1fc3a98c1c6593676766652a9af2f74e"
        },
        {
          "type": "cssRules",
          "assetId": "P7MLNCNmfe0b",
          "checksum": "1fc3a98c1c6593676766652a9af2f74e"
        },
        {
          "type": "renderModule",
          "assetId": "34kdC-03x8MN",
          "checksum": "4fe25c99d1c434cbac6cc3e9b45ac59d"
        },
        {
          "type": "cssRules",
          "assetId": "34kdC-03x8MN",
          "checksum": "4fe25c99d1c434cbac6cc3e9b45ac59d"
        },
        {
          "type": "renderModule",
          "assetId": "2eAt6bzh0iAt",
          "checksum": "ad8c6fefd39371e296629e2c80c10381"
        },
        {
          "type": "cssRules",
          "assetId": "2eAt6bzh0iAt",
          "checksum": "ad8c6fefd39371e296629e2c80c10381"
        },
        {
          "type": "renderModule",
          "assetId": "vbFY8uMVvGtl",
          "checksum": "dafa04d7ede32f55f1fb2d5d1099c643"
        },
        {
          "type": "cssRules",
          "assetId": "vbFY8uMVvGtl",
          "checksum": "dafa04d7ede32f55f1fb2d5d1099c643"
        },
        {
          "type": "renderModule",
          "assetId": "2dhqWpUZxzEb",
          "checksum": "50ef2926599667d2bdc59332adb6242d"
        },
        {
          "type": "cssRules",
          "assetId": "2dhqWpUZxzEb",
          "checksum": "50ef2926599667d2bdc59332adb6242d"
        },
        {
          "type": "renderModule",
          "assetId": "4P660rZYzasJ",
          "checksum": "03307f8f3360d800f75551744e938d23"
        },
        {
          "type": "cssRules",
          "assetId": "4P660rZYzasJ",
          "checksum": "03307f8f3360d800f75551744e938d23"
        },
        {
          "type": "renderModule",
          "assetId": "IH3amG0RQCH4",
          "checksum": "45e3183cfdae468ad6bf35d04eb72d93"
        },
        {
          "type": "cssRules",
          "assetId": "IH3amG0RQCH4",
          "checksum": "45e3183cfdae468ad6bf35d04eb72d93"
        },
        {
          "type": "renderModule",
          "assetId": "_ocpplg0OoTw",
          "checksum": "2071f696ba48bc30393af01728326976"
        },
        {
          "type": "cssRules",
          "assetId": "_ocpplg0OoTw",
          "checksum": "2071f696ba48bc30393af01728326976"
        },
        {
          "type": "renderModule",
          "assetId": "qR-a576Rc2ev",
          "checksum": "193bfbcb44f8cd73d0aba6e7803d0851"
        },
        {
          "type": "cssRules",
          "assetId": "qR-a576Rc2ev",
          "checksum": "193bfbcb44f8cd73d0aba6e7803d0851"
        },
        {
          "type": "renderModule",
          "assetId": "G-3mJK3jKJkK",
          "checksum": "4c8583b446008655fdf877cd319b5afb"
        },
        {
          "type": "cssRules",
          "assetId": "G-3mJK3jKJkK",
          "checksum": "4c8583b446008655fdf877cd319b5afb"
        },
        {
          "type": "renderModule",
          "assetId": "xPKP3jAplNQg",
          "checksum": "930057d6adb827b31fc56a764446df09"
        },
        {
          "type": "cssRules",
          "assetId": "xPKP3jAplNQg",
          "checksum": "930057d6adb827b31fc56a764446df09"
        },
        {
          "type": "renderModule",
          "assetId": "FRsquRn9mRjL",
          "checksum": "cbd5769c76668de14c6a1661e8329efc"
        },
        {
          "type": "cssRules",
          "assetId": "FRsquRn9mRjL",
          "checksum": "cbd5769c76668de14c6a1661e8329efc"
        },
        {
          "type": "renderModule",
          "assetId": "lm9M4C5ynpU1",
          "checksum": "425af54e8ac410b0f871c08cb2c0cfb7"
        },
        {
          "type": "cssRules",
          "assetId": "lm9M4C5ynpU1",
          "checksum": "425af54e8ac410b0f871c08cb2c0cfb7"
        },
        {
          "type": "renderModule",
          "assetId": "lhUOZcKCH_AK",
          "checksum": "d64aaecf9be6bfd5ed0de4e300b4d0f8"
        },
        {
          "type": "cssRules",
          "assetId": "lhUOZcKCH_AK",
          "checksum": "d64aaecf9be6bfd5ed0de4e300b4d0f8"
        },
        {
          "type": "renderModule",
          "assetId": "vg7f1wpordyx",
          "checksum": "93bc88da4aaf31ee8285a48d7db56e3a"
        },
        {
          "type": "cssRules",
          "assetId": "vg7f1wpordyx",
          "checksum": "93bc88da4aaf31ee8285a48d7db56e3a"
        },
        {
          "type": "renderModule",
          "assetId": "cWfDny9pffbd",
          "checksum": "fe7a95397a785653b4719604ead34667"
        },
        {
          "type": "cssRules",
          "assetId": "cWfDny9pffbd",
          "checksum": "fe7a95397a785653b4719604ead34667"
        },
        {
          "type": "renderModule",
          "assetId": "8tg49zFadB9H",
          "checksum": "348dd5bf2f24fb99b785a0d3a4d80a00"
        },
        {
          "type": "cssRules",
          "assetId": "8tg49zFadB9H",
          "checksum": "348dd5bf2f24fb99b785a0d3a4d80a00"
        },
        {
          "type": "renderModule",
          "assetId": "frqO9_b7OdPY",
          "checksum": "e803dedd2b9652e48956a421defc5861"
        },
        {
          "type": "cssRules",
          "assetId": "frqO9_b7OdPY",
          "checksum": "e803dedd2b9652e48956a421defc5861"
        },
        {
          "type": "renderModule",
          "assetId": "AWrql9xy52fI",
          "checksum": "65dd57cb56e159efa760e93c6f6e03bb"
        },
        {
          "type": "cssRules",
          "assetId": "AWrql9xy52fI",
          "checksum": "65dd57cb56e159efa760e93c6f6e03bb"
        },
        {
          "type": "renderModule",
          "assetId": "a2MEYF-CO9nX",
          "checksum": "f50daf6e129bc455077e320e544f9d39"
        },
        {
          "type": "cssRules",
          "assetId": "a2MEYF-CO9nX",
          "checksum": "f50daf6e129bc455077e320e544f9d39"
        },
        {
          "type": "renderModule",
          "assetId": "1DtyqfJ-0fBv",
          "checksum": "e39274b45fea70bcdc5460014e78619b"
        },
        {
          "type": "cssRules",
          "assetId": "1DtyqfJ-0fBv",
          "checksum": "e39274b45fea70bcdc5460014e78619b"
        },
        {
          "type": "renderModule",
          "assetId": "x-phPVP8sWsV",
          "checksum": "8f58162bb76a418da9498b1342538bac"
        },
        {
          "type": "cssRules",
          "assetId": "x-phPVP8sWsV",
          "checksum": "8f58162bb76a418da9498b1342538bac"
        },
        {
          "type": "renderModule",
          "assetId": "JyCXAdKcNiAC",
          "checksum": "c9ee2cbabe39a009055f86b1ee9facaf"
        },
        {
          "type": "cssRules",
          "assetId": "JyCXAdKcNiAC",
          "checksum": "c9ee2cbabe39a009055f86b1ee9facaf"
        },
        {
          "type": "renderModule",
          "assetId": "-lmfrn-r2gVM",
          "checksum": "9761656e6c46c1fa70fec4ca4753a2be"
        },
        {
          "type": "cssRules",
          "assetId": "-lmfrn-r2gVM",
          "checksum": "9761656e6c46c1fa70fec4ca4753a2be"
        },
        {
          "type": "renderModule",
          "assetId": "kvtu7IVvZKcp",
          "checksum": "f4dd9acb404ac7f31f39c5ece8b03589"
        },
        {
          "type": "cssRules",
          "assetId": "kvtu7IVvZKcp",
          "checksum": "f4dd9acb404ac7f31f39c5ece8b03589"
        },
        {
          "type": "renderModule",
          "assetId": "yJ0lhUA57Q_F",
          "checksum": "08d18f47056f97bfe428b7c50d325637"
        },
        {
          "type": "cssRules",
          "assetId": "yJ0lhUA57Q_F",
          "checksum": "08d18f47056f97bfe428b7c50d325637"
        },
        {
          "type": "renderModule",
          "assetId": "zV_rzxoZsY7r",
          "checksum": "10620701ba1d4c8567f92e1631a34dcb"
        },
        {
          "type": "cssRules",
          "assetId": "zV_rzxoZsY7r",
          "checksum": "10620701ba1d4c8567f92e1631a34dcb"
        },
        {
          "type": "renderModule",
          "assetId": "HVRo_Ra5E0gW",
          "checksum": "13efdd9f361f98730f8c2dd5bc76e6fd"
        },
        {
          "type": "cssRules",
          "assetId": "HVRo_Ra5E0gW",
          "checksum": "13efdd9f361f98730f8c2dd5bc76e6fd"
        },
        {
          "type": "renderModule",
          "assetId": "q0IMTvls8iIv",
          "checksum": "5a71601628918fdefc7ec6aeb246b697"
        },
        {
          "type": "cssRules",
          "assetId": "q0IMTvls8iIv",
          "checksum": "5a71601628918fdefc7ec6aeb246b697"
        },
        {
          "type": "renderModule",
          "assetId": "dNZpqitvFdjI",
          "checksum": "ffa43deb8bbd4dff21e654a5b8659d6a"
        },
        {
          "type": "cssRules",
          "assetId": "dNZpqitvFdjI",
          "checksum": "ffa43deb8bbd4dff21e654a5b8659d6a"
        },
        {
          "type": "renderModule",
          "assetId": "gIRAoWCoKmMg",
          "checksum": "0527fcc610416c1f53e76249c0c6b05d"
        },
        {
          "type": "cssRules",
          "assetId": "gIRAoWCoKmMg",
          "checksum": "0527fcc610416c1f53e76249c0c6b05d"
        },
        {
          "type": "renderModule",
          "assetId": "fzfVKlUA83rn",
          "checksum": "70ceb7233b8c0426cd940f5cfb01e76d"
        },
        {
          "type": "cssRules",
          "assetId": "fzfVKlUA83rn",
          "checksum": "70ceb7233b8c0426cd940f5cfb01e76d"
        },
        {
          "type": "renderModule",
          "assetId": "QA-Gc8H2apHJ",
          "checksum": "9f84aaf50586f3a7e0032b96b3e4c77d"
        },
        {
          "type": "cssRules",
          "assetId": "QA-Gc8H2apHJ",
          "checksum": "9f84aaf50586f3a7e0032b96b3e4c77d"
        },
        {
          "type": "renderModule",
          "assetId": "qFrCbEPqodnx",
          "checksum": "91f2055cf6b1c7a2951ff15b59fddb23"
        },
        {
          "type": "cssRules",
          "assetId": "qFrCbEPqodnx",
          "checksum": "91f2055cf6b1c7a2951ff15b59fddb23"
        },
        {
          "type": "renderModule",
          "assetId": "rT0qJviA0c4n",
          "checksum": "276f870c47383882402e3e594218eff0"
        },
        {
          "type": "cssRules",
          "assetId": "rT0qJviA0c4n",
          "checksum": "276f870c47383882402e3e594218eff0"
        },
        {
          "type": "renderModule",
          "assetId": "3J76zoPpzUT-",
          "checksum": "89a475444dc0caae8289a85625df2ad1"
        },
        {
          "type": "cssRules",
          "assetId": "3J76zoPpzUT-",
          "checksum": "89a475444dc0caae8289a85625df2ad1"
        },
        {
          "type": "renderModule",
          "assetId": "UEgI-shY7DeV",
          "checksum": "d25c3e824ec78170067b5db765337851"
        },
        {
          "type": "cssRules",
          "assetId": "UEgI-shY7DeV",
          "checksum": "d25c3e824ec78170067b5db765337851"
        },
        {
          "type": "renderModule",
          "assetId": "nnrdkCEc-MA-",
          "checksum": "568b4ac49bfe76feaadb2ae9263e0647"
        },
        {
          "type": "cssRules",
          "assetId": "nnrdkCEc-MA-",
          "checksum": "568b4ac49bfe76feaadb2ae9263e0647"
        },
        {
          "type": "renderModule",
          "assetId": "POZSdLevlGmy",
          "checksum": "5096ce0844d7ec8e3665ae97e5ce9142"
        },
        {
          "type": "cssRules",
          "assetId": "POZSdLevlGmy",
          "checksum": "5096ce0844d7ec8e3665ae97e5ce9142"
        },
        {
          "type": "renderModule",
          "assetId": "kl0Ns_gglxMm",
          "checksum": "c754a596dddbd8c050d34ee17778104c"
        },
        {
          "type": "cssRules",
          "assetId": "kl0Ns_gglxMm",
          "checksum": "c754a596dddbd8c050d34ee17778104c"
        },
        {
          "type": "renderModule",
          "assetId": "UaftfvqN7siX",
          "checksum": "8f3954a27fb507e127827918e2c037f3"
        },
        {
          "type": "cssRules",
          "assetId": "UaftfvqN7siX",
          "checksum": "8f3954a27fb507e127827918e2c037f3"
        },
        {
          "type": "renderModule",
          "assetId": "fWjlLt6IwrU8",
          "checksum": "b289ecb6d693aed9a15d7fd994b59ab8"
        },
        {
          "type": "cssRules",
          "assetId": "fWjlLt6IwrU8",
          "checksum": "b289ecb6d693aed9a15d7fd994b59ab8"
        },
        {
          "type": "renderModule",
          "assetId": "ksk0caXhHiA4",
          "checksum": "427af85f295bab8df28a772ae22050fd"
        },
        {
          "type": "cssRules",
          "assetId": "ksk0caXhHiA4",
          "checksum": "427af85f295bab8df28a772ae22050fd"
        },
        {
          "type": "renderModule",
          "assetId": "Q2bN9z8H_VHS",
          "checksum": "211ba42c9bf29d8cec7ba688a32521f1"
        },
        {
          "type": "cssRules",
          "assetId": "Q2bN9z8H_VHS",
          "checksum": "211ba42c9bf29d8cec7ba688a32521f1"
        },
        {
          "type": "renderModule",
          "assetId": "Iobg_4d9SLq2",
          "checksum": "14a87ed4917fe536cc9599fdc275c860"
        },
        {
          "type": "cssRules",
          "assetId": "Iobg_4d9SLq2",
          "checksum": "14a87ed4917fe536cc9599fdc275c860"
        },
        {
          "type": "renderModule",
          "assetId": "6yOmr8Bxvd9T",
          "checksum": "c557c488c3d9223ac122e3065c34eab8"
        },
        {
          "type": "cssRules",
          "assetId": "6yOmr8Bxvd9T",
          "checksum": "c557c488c3d9223ac122e3065c34eab8"
        },
        {
          "type": "renderModule",
          "assetId": "AY28a70OS2RI",
          "checksum": "aee07bc84f8b8f6e4a029595f506452f"
        },
        {
          "type": "cssRules",
          "assetId": "AY28a70OS2RI",
          "checksum": "aee07bc84f8b8f6e4a029595f506452f"
        },
        {
          "type": "renderModule",
          "assetId": "HIAFNqDo02dY",
          "checksum": "8282d57ac93115a6194d73cfd9ef2bcf"
        },
        {
          "type": "cssRules",
          "assetId": "HIAFNqDo02dY",
          "checksum": "8282d57ac93115a6194d73cfd9ef2bcf"
        },
        {
          "type": "renderModule",
          "assetId": "bHETlRUqjfRd",
          "checksum": "2a4834d9a137e8efc9d543fc7cc1d3de"
        },
        {
          "type": "cssRules",
          "assetId": "bHETlRUqjfRd",
          "checksum": "2a4834d9a137e8efc9d543fc7cc1d3de"
        },
        {
          "type": "renderModule",
          "assetId": "1UZjUwgwflcc",
          "checksum": "b23efb5a1946dce6b9b688097c1b6fea"
        },
        {
          "type": "cssRules",
          "assetId": "1UZjUwgwflcc",
          "checksum": "b23efb5a1946dce6b9b688097c1b6fea"
        },
        {
          "type": "renderModule",
          "assetId": "eOKvLoQY8qlH",
          "checksum": "00130434c4ce9f3a8d23db2f57b21157"
        },
        {
          "type": "cssRules",
          "assetId": "eOKvLoQY8qlH",
          "checksum": "00130434c4ce9f3a8d23db2f57b21157"
        },
        {
          "type": "renderModule",
          "assetId": "mlofZlsjTvgi",
          "checksum": "df209ed887d9a46b3c29cf9f43f0cc0a"
        },
        {
          "type": "cssRules",
          "assetId": "mlofZlsjTvgi",
          "checksum": "df209ed887d9a46b3c29cf9f43f0cc0a"
        },
        {
          "type": "renderModule",
          "assetId": "pbeNU8b7jDjy",
          "checksum": "a7ee020a7bb0462e4fb36e88d0f45bbb"
        },
        {
          "type": "cssRules",
          "assetId": "pbeNU8b7jDjy",
          "checksum": "a7ee020a7bb0462e4fb36e88d0f45bbb"
        },
        {
          "type": "renderModule",
          "assetId": "fD0WHTPLkGL9",
          "checksum": "4e5f6a9bf99866deb9016d6ff969f8e9"
        },
        {
          "type": "cssRules",
          "assetId": "fD0WHTPLkGL9",
          "checksum": "4e5f6a9bf99866deb9016d6ff969f8e9"
        },
        {
          "type": "renderModule",
          "assetId": "t3UNk4cyoFOJ",
          "checksum": "8c3fb8fd275ddcf72be0de2e983255d1"
        },
        {
          "type": "cssRules",
          "assetId": "t3UNk4cyoFOJ",
          "checksum": "8c3fb8fd275ddcf72be0de2e983255d1"
        },
        {
          "type": "renderModule",
          "assetId": "2sust96-3y0R",
          "checksum": "fea04520d7c04d22445e3093fa01847e"
        },
        {
          "type": "cssRules",
          "assetId": "2sust96-3y0R",
          "checksum": "fea04520d7c04d22445e3093fa01847e"
        },
        {
          "type": "renderModule",
          "assetId": "7iqQuq7PqTqr",
          "checksum": "e1948d7d2f0efea8f8fbdacdda1949af"
        },
        {
          "type": "cssRules",
          "assetId": "7iqQuq7PqTqr",
          "checksum": "e1948d7d2f0efea8f8fbdacdda1949af"
        },
        {
          "type": "renderModule",
          "assetId": "Tn0UynVRQFrx",
          "checksum": "ee70ea6003d43b9c999539409f78d7e7"
        },
        {
          "type": "cssRules",
          "assetId": "Tn0UynVRQFrx",
          "checksum": "ee70ea6003d43b9c999539409f78d7e7"
        },
        {
          "type": "renderModule",
          "assetId": "zu3ZCS3LfO6O",
          "checksum": "98653abb8f017480f8dc49c8f3d1fc27"
        },
        {
          "type": "cssRules",
          "assetId": "zu3ZCS3LfO6O",
          "checksum": "98653abb8f017480f8dc49c8f3d1fc27"
        },
        {
          "type": "renderModule",
          "assetId": "15sK7-TYJ3_o",
          "checksum": "bb8ab15a7657b827a6227186af815fd4"
        },
        {
          "type": "cssRules",
          "assetId": "15sK7-TYJ3_o",
          "checksum": "bb8ab15a7657b827a6227186af815fd4"
        },
        {
          "type": "renderModule",
          "assetId": "ifRw-0-06-Dn",
          "checksum": "c3513e45791bbccdb0e42955a4e746df"
        },
        {
          "type": "cssRules",
          "assetId": "ifRw-0-06-Dn",
          "checksum": "c3513e45791bbccdb0e42955a4e746df"
        },
        {
          "type": "icon",
          "assetId": "eA4nN3_TbdrJ",
          "checksum": "731526fd0e39a8351169f1a1130576f4"
        },
        {
          "type": "icon",
          "assetId": "p1YPmskuAYI2",
          "checksum": "942cf2d15cdc3d29e0d2af1844ae8891"
        },
        {
          "type": "icon",
          "assetId": "9JjVenKaquZL",
          "checksum": "e9905b419f99cab2da8704b608f1185b"
        },
        {
          "type": "icon",
          "assetId": "HCPsunS-fmP6",
          "checksum": "6f0ef4c2adf7f72ea79765035c5abec9"
        },
        {
          "type": "icon",
          "assetId": "RdQSueESMBau",
          "checksum": "8a60d8c7c2cd620686e5620b570a22fa"
        },
        {
          "type": "icon",
          "assetId": "GXxwbmvNEgwq",
          "checksum": "b4b011eff0dcdd486a4dea0b8c17a799"
        },
        {
          "type": "icon",
          "assetId": "t_DMhjzzg7u-",
          "checksum": "5f2da78c88e8b4e18fa8cdec464c70bb"
        },
        {
          "type": "icon",
          "assetId": "8sn_TjfD-7GA",
          "checksum": "692dc673c6deaa098f3a0de9d61ead6b"
        },
        {
          "type": "icon",
          "assetId": "3xbs9uQMOSa-",
          "checksum": "9d7d6542e945b08ce86e96096ffe1f10"
        },
        {
          "type": "icon",
          "assetId": "NYzYvDEBOieQ",
          "checksum": "06bcad586f824531b7aa2a38dd86d3f2"
        },
        {
          "type": "icon",
          "assetId": "CxVtPFpWDYul",
          "checksum": "227d1b44c4607a6ad0965fd7c1356dcf"
        },
        {
          "type": "icon",
          "assetId": "PK3EVUNkQ_At",
          "checksum": "11083df322cb113b2a32c6b335cbcc97"
        },
        {
          "type": "icon",
          "assetId": "Ckm62y44qvwo",
          "checksum": "6e4e86558c38df136aeb253c8c657f83"
        },
        {
          "type": "icon",
          "assetId": "mPYk0ZEUw6Wc",
          "checksum": "26138ab98a7730e966f3fa0e9c532037"
        },
        {
          "type": "icon",
          "assetId": "qz78GVJjinVL",
          "checksum": "2c1410c3c0bd6af9b4665d793b714861"
        },
        {
          "type": "icon",
          "assetId": "vxoLwbtBRoIB",
          "checksum": "ec516e66871ea0affd924a4b2e45c36c"
        },
        {
          "type": "icon",
          "assetId": "bb9KpXgYTNxa",
          "checksum": "0ca1edd47584dc2ef4a68bdf2a2af831"
        },
        {
          "type": "icon",
          "assetId": "I-PK4uRbxJRc",
          "checksum": "6c085f3b712f289d6fe394a87555d034"
        },
        {
          "type": "icon",
          "assetId": "yp2q2x7jxhyF",
          "checksum": "dcd197fcfa6a0387fca3ec95ee4b7a53"
        },
        {
          "type": "icon",
          "assetId": "7-eqbUfgKU33",
          "checksum": "c0b03456df98dc0cb080aa78fc74409e"
        },
        {
          "type": "icon",
          "assetId": "fCem2b1vVAiV",
          "checksum": "8e0b95df51984fd2697ae860322fee2a"
        },
        {
          "type": "icon",
          "assetId": "tB_FoVcKP-8C",
          "checksum": "22fa3908267eff3286bf0a4d07249de9"
        },
        {
          "type": "icon",
          "assetId": "c5fAyX8690pK",
          "checksum": "025bd7bdb8567d799a177ded0082f756"
        },
        {
          "type": "icon",
          "assetId": "AIUQid3bVY2V",
          "checksum": "f3458bb2653c21d5ed70030bb6c0cb1f"
        },
        {
          "type": "icon",
          "assetId": "n2HeGAbq6FXh",
          "checksum": "35d406c5fde01a2470b99a01f2599493"
        },
        {
          "type": "icon",
          "assetId": "Gafcrqr3y1cZ",
          "checksum": "dd08bc05ca46300fcfda58b8a65ebd62"
        },
        {
          "type": "icon",
          "assetId": "ilEQCdjaqXbL",
          "checksum": "fb4e484ac25cb0cd99fb4ada78eb45d3"
        },
        {
          "type": "icon",
          "assetId": "cghc6kciFm2G",
          "checksum": "eb6cfdf9a419b3a0cba36be3d917dfc5"
        },
        {
          "type": "icon",
          "assetId": "j1hFSwL8QFW8",
          "checksum": "3d7b3a0cfe0fc0eaf533924b4ba3d481"
        },
        {
          "type": "icon",
          "assetId": "Ciiq3-41nfH3",
          "checksum": "a969025782fa328f09fdcdae441f515a"
        },
        {
          "type": "icon",
          "assetId": "AYk-58P6o0iM",
          "checksum": "9a310ceb069bc8da363185a5961aa572"
        },
        {
          "type": "icon",
          "assetId": "ALDCuxK9vmsQ",
          "checksum": "873fef82a8d0a59092f57cf7cab6b97a"
        },
        {
          "type": "icon",
          "assetId": "gW8C_aGpyApc",
          "checksum": "50c9b4d5e0b2e107c337bc10c02c2f19"
        },
        {
          "type": "icon",
          "assetId": "KSDVg8pxipFP",
          "checksum": "20e7b67641942b99e2a31d366bf3d4f7"
        },
        {
          "type": "icon",
          "assetId": "hf9VaFZryDjW",
          "checksum": "e51d65fa71cbe4cb491bf97e6e6c66a7"
        },
        {
          "type": "icon",
          "assetId": "KUj1hb82lL9p",
          "checksum": "c0198479aad9fbd45fbef76dd9e92ab0"
        },
        {
          "type": "icon",
          "assetId": "bV2Rhoi89Nbo",
          "checksum": "224e65125465bb292a148fcbecfebe2d"
        },
        {
          "type": "icon",
          "assetId": "F-p0hJ-0w6np",
          "checksum": "6697e792683cfa7a3778b784de1bf4a0"
        },
        {
          "type": "icon",
          "assetId": "0betudEa-qOp",
          "checksum": "54c975041e16de61952a3eca9a9c79d9"
        },
        {
          "type": "icon",
          "assetId": "0fyEdXS8b5qB",
          "checksum": "89d6c1e60b1d1edcf89e7ce945f2db68"
        },
        {
          "type": "icon",
          "assetId": "KELtri34ORgp",
          "checksum": "9c5c9d7fe37a6ebbd1846cacaf41da60"
        },
        {
          "type": "icon",
          "assetId": "8jxFG1oHtkw2",
          "checksum": "f9b677077bd28cad5c8e4d63a9e68812"
        },
        {
          "type": "icon",
          "assetId": "vsSe2R3hqp-H",
          "checksum": "58fd56b1106297ad9494daea65290c1e"
        },
        {
          "type": "icon",
          "assetId": "9CfLC5ZQ7veK",
          "checksum": "05bc28dd4e0b97f3413763fbdb666669"
        },
        {
          "type": "icon",
          "assetId": "4UmaWISAaqWp",
          "checksum": "9e4f5f2763c3eeda1e5fc9b5b9ac69ae"
        },
        {
          "type": "icon",
          "assetId": "PWnzGUKO-rFw",
          "checksum": "7e448ec7747b29cf38a212b71eb52832"
        },
        {
          "type": "icon",
          "assetId": "8J79OcNmiVuF",
          "checksum": "8fa61e810dc3cc434bbe9013bb2c7b2d"
        },
        {
          "type": "icon",
          "assetId": "IdP8XmyKAA75",
          "checksum": "64185d88a909b6ec6b5daf192fa7ca87"
        },
        {
          "type": "icon",
          "assetId": "aSZ_Ajc297X8",
          "checksum": "4df3d890aeca6f78b7659f22aa031939"
        },
        {
          "type": "icon",
          "assetId": "EW8lvp8Rllk4",
          "checksum": "a594826ef49bbf7986e80befa9e8af39"
        },
        {
          "type": "icon",
          "assetId": "b-hWlWAZSFUh",
          "checksum": "16bce7736c05be3ecc9dea93f5fd995c"
        },
        {
          "type": "icon",
          "assetId": "K5zafd2EwXKH",
          "checksum": "3379f209993bf901d0e411bbecb2f224"
        },
        {
          "type": "icon",
          "assetId": "YMQfjoyGNKgC",
          "checksum": "9c0ec8c870e36729106a38e149839abb"
        },
        {
          "type": "icon",
          "assetId": "ScqJ4niVR1lG",
          "checksum": "82c0cd52531c4f9ac53150c9db381ac0"
        },
        {
          "type": "icon",
          "assetId": "3WzWKcwSW04v",
          "checksum": "e83b8cbfe36e55e4755a65e3c3c0df03"
        },
        {
          "type": "icon",
          "assetId": "sUrFG1LgJyYB",
          "checksum": "72cfac937dfeafaa14de78eec4768b06"
        },
        {
          "type": "icon",
          "assetId": "ieZKa4cQud1_",
          "checksum": "2af4f7d2c1502bac6f06262893b22a83"
        },
        {
          "type": "icon",
          "assetId": "9ffgVdSgB-g8",
          "checksum": "4f6cf1f4a85672bfc02b99725eaf90d0"
        },
        {
          "type": "icon",
          "assetId": "A8zm505Cyf8z",
          "checksum": "a67114bfbc793dc5c5301f9ef118cf77"
        },
        {
          "type": "icon",
          "assetId": "ZolzuM1Nhh00",
          "checksum": "37254fe133f2d6272b0ccb7c202ebd98"
        },
        {
          "type": "icon",
          "assetId": "XxL1L1ANBbNT",
          "checksum": "ac073e42a0c9fb7380d571158971c53a"
        },
        {
          "type": "icon",
          "assetId": "qfj7sKbgl-Bu",
          "checksum": "f6c583305334c9910f7f0d0a550d78f0"
        },
        {
          "type": "icon",
          "assetId": "BFe9WdRa8wwf",
          "checksum": "92214ac33483690f9e83d4a848a3f572"
        },
        {
          "type": "icon",
          "assetId": "Gsh2jsbOptsd",
          "checksum": "121cf0fce157a73b3515372e8961993f"
        },
        {
          "type": "icon",
          "assetId": "S1C6ovH1DyOg",
          "checksum": "5c93eabf3d227b05f501f07caa76d459"
        },
        {
          "type": "icon",
          "assetId": "20DzbbRg-M9l",
          "checksum": "d142a4ae33c242f0316dd75cbfa99315"
        },
        {
          "type": "icon",
          "assetId": "etWpFDXBeE3O",
          "checksum": "d6b2b5035a2f43bdaf42656be7718cda"
        },
        {
          "type": "icon",
          "assetId": "j89_xPmjvjMf",
          "checksum": "36e5c4ba7d1c5742ab0621846e746e2e"
        },
        {
          "type": "icon",
          "assetId": "03J45XTnTFpW",
          "checksum": "57a1b54c002b55c90da3d053b415c840"
        },
        {
          "type": "icon",
          "assetId": "61rPmk6WM28q",
          "checksum": "1ea581944277d3c9939da408e312ad05"
        },
        {
          "type": "icon",
          "assetId": "eMX5DZwWM9X_",
          "checksum": "3fc6d64834754b9163a274b636147a13"
        },
        {
          "type": "icon",
          "assetId": "qxgAMZ2foDwJ",
          "checksum": "484cc003c0fb979bda3257be11471b5a"
        },
        {
          "type": "icon",
          "assetId": "yGjjKjrrIhzz",
          "checksum": "7fd493a089f6bd073ca0a1d70d7fd9c5"
        },
        {
          "type": "icon",
          "assetId": "lP5QA_3YOR7e",
          "checksum": "2ba210b5fd43269110453157d9557282"
        },
        {
          "type": "icon",
          "assetId": "V1WhKQmd8zG7",
          "checksum": "2eb555790266a228b20c9273a53aac62"
        },
        {
          "type": "icon",
          "assetId": "fPJyQD50Y9WN",
          "checksum": "9b0c2de58f6a21908541284b73dac6e7"
        },
        {
          "type": "icon",
          "assetId": "8ZG6kIrBcT28",
          "checksum": "cb39df508d8cdf955810c27530d31203"
        },
        {
          "type": "icon",
          "assetId": "yCWG1XbjR_P9",
          "checksum": "ce44c0c6cf2f112ce94ac66855f6ed11"
        },
        {
          "type": "icon",
          "assetId": "fOfs7eSixjDp",
          "checksum": "6693a8393f5bb690cf376632d9175b96"
        },
        {
          "type": "icon",
          "assetId": "4k3p3NwoINXh",
          "checksum": "edc5f46023d931df661486c48adef177"
        },
        {
          "type": "icon",
          "assetId": "P-4u3pp6Igad",
          "checksum": "224cbf488767be031f60fc4e5afc4f11"
        },
        {
          "type": "icon",
          "assetId": "8Sz6eUIwlz4y",
          "checksum": "9b2e51f0545b61e912d8fa985e89fac4"
        },
        {
          "type": "icon",
          "assetId": "QEhp7c0vkisD",
          "checksum": "49a4be032b3ffb05c68ebaa0754ca914"
        },
        {
          "type": "icon",
          "assetId": "YzkRektosh9D",
          "checksum": "04ddac71c1242b268f63421d8b3093ee"
        },
        {
          "type": "icon",
          "assetId": "vV5wxKVZs8Yl",
          "checksum": "10cd16b56b178dd372039e93b05a9642"
        },
        {
          "type": "icon",
          "assetId": "EKmj8DX6LlX6",
          "checksum": "117fe353bdf1016184c9b4bcdeab896e"
        },
        {
          "type": "icon",
          "assetId": "KhSvQKE8QR22",
          "checksum": "be6d83373f16b9d75ad1fc375e0a2482"
        },
        {
          "type": "icon",
          "assetId": "n_4uuRS96-Zr",
          "checksum": "532b05d7c25c935ff673e4bfe4937c65"
        },
        {
          "type": "icon",
          "assetId": "4rD-7e2FUbWF",
          "checksum": "e90f2cac4fa1aa9b139f527f811c99e1"
        },
        {
          "type": "icon",
          "assetId": "QrhP_0RwCBGz",
          "checksum": "b4aff076c6198f8b9c8c1a15439be8dc"
        },
        {
          "type": "icon",
          "assetId": "oDKkGMXuP_xC",
          "checksum": "ee4538babda9ccd394ebb25ff51aa925"
        },
        {
          "type": "icon",
          "assetId": "Rj6TQcLx3WKL",
          "checksum": "1fd995af323f14d361a09b8265d860d3"
        },
        {
          "type": "icon",
          "assetId": "nRQGXJj6TYjk",
          "checksum": "5cb64ed5e5b2577f61638f91ec62c455"
        },
        {
          "type": "icon",
          "assetId": "kYoxzOLby-tY",
          "checksum": "a8f0245577595f6ef4acc30804853e16"
        },
        {
          "type": "icon",
          "assetId": "hOeWepN_XHwa",
          "checksum": "97981eb27cf147cc62ee41b5b39ebe95"
        },
        {
          "type": "icon",
          "assetId": "VuTfqiibFshI",
          "checksum": "9afbe4072c4a175f1f4c0717d0375782"
        },
        {
          "type": "icon",
          "assetId": "r6s_7SmIOCly",
          "checksum": "b84791e651bc91e02f1042b97c198cce"
        },
        {
          "type": "icon",
          "assetId": "R8iHT8-9EwJy",
          "checksum": "900fcb3d5e8e5e7f4d488e63ce061dae"
        },
        {
          "type": "icon",
          "assetId": "vmd6SxR7gBlX",
          "checksum": "cbd67d31f7f99f1ed6811081bdd32a8a"
        },
        {
          "type": "icon",
          "assetId": "BdqZ9CLeT--a",
          "checksum": "dfff68a7fd96f1276484f8aca1673e12"
        },
        {
          "type": "icon",
          "assetId": "OJTnKg-tc1Dy",
          "checksum": "b8bc61c32e706c15c6e6d36580e29934"
        },
        {
          "type": "icon",
          "assetId": "9VL8NkdXV2UX",
          "checksum": "6bf78d95ed2616d65c3b8bb5dda221f2"
        },
        {
          "type": "image",
          "assetId": "PuXW4zI4MYJg",
          "checksum": "8b2e994cde14c22453951761cbaf3555"
        },
        {
          "type": "image",
          "assetId": "VEgZAZ27YZE5",
          "checksum": "2ce8d467575065787d612441565123ef"
        },
        {
          "type": "image",
          "assetId": "g98W-1CSagik",
          "checksum": "11aa33c6b1dd061adf104d8e7b77b385"
        },
        {
          "type": "image",
          "assetId": "UmMCDY-TyfLk",
          "checksum": "e6c57fd7a9af6ecf189c62978da4fe3e"
        },
        {
          "type": "image",
          "assetId": "21CC9_Wq_Iiz",
          "checksum": "e480ece606e318e88e0486201ebaeaf1"
        },
        {
          "type": "image",
          "assetId": "VcRxFSUt2eIS",
          "checksum": "419b753e1dc833ad1348245fe2a92399"
        },
        {
          "type": "image",
          "assetId": "6ersfXwwLugz",
          "checksum": "f1f869ad659f53697ae80717003d4bf5"
        },
        {
          "type": "image",
          "assetId": "mEjj4_IXzDp8",
          "checksum": "070f73bdbdef6f87e08e981a72c6d2ef"
        },
        {
          "type": "image",
          "assetId": "CjjCZbk5LeEb",
          "checksum": "dda4f44596a5d59280b922c364f72362"
        },
        {
          "type": "image",
          "assetId": "iVKuUiajHxtc",
          "checksum": "b78e8d0d4574ad2656081f45dd15a405"
        },
        {
          "type": "image",
          "assetId": "-iG7V8fvpxpT",
          "checksum": "68d0b19e9a72795bd0959625cc128809"
        },
        {
          "type": "image",
          "assetId": "HsaKgVH_fg4v",
          "checksum": "b97f044d0aacf89b678db9adeba5b2a9"
        },
        {
          "type": "image",
          "assetId": "nvdUSVuKHond",
          "checksum": "f7fc44ea8f3dfff058d04ea6bd315661"
        },
        {
          "type": "image",
          "assetId": "9PwyItB7Oorj",
          "checksum": "7bd6ce4aafa57bb9f4eb2cbb2a10e2fe"
        },
        {
          "type": "image",
          "assetId": "cLA6ZWJLIVR5",
          "checksum": "cea7bf56e63de560b8cd44619f82d796"
        },
        {
          "type": "image",
          "assetId": "9Zz4CoWoeLBF",
          "checksum": "66bd29f86c4fffd1381d302fe7dced4d"
        },
        {
          "type": "image",
          "assetId": "Me4qPl__20kZ",
          "checksum": "bcf8abfae664b0a1a67ba2a447978162"
        },
        {
          "type": "image",
          "assetId": "VcvMRwd5xUWi",
          "checksum": "cba71ad6ea7e8d6f2ac8a9e2641d690c"
        },
        {
          "type": "image",
          "assetId": "pAzpvTbcEs_C",
          "checksum": "9bbdcb66d59ebd6361118adf2d898e5d"
        },
        {
          "type": "image",
          "assetId": "qAJkJ10Fdi4e",
          "checksum": "c5092e6222d978c6e80fecf56d9ae446"
        },
        {
          "type": "image",
          "assetId": "2KThn3NRTO6t",
          "checksum": "394b1aafa3dd9298e28d0cd06327981c"
        }
      ],
      "codegenVersion": "0.0.1"
    }
  ],
  "cliVersion": "0.1.340"
}
